
Microsoft Visual Studio Solution File, Format Version 12.00
# Visual Studio Version 17
VisualStudioVersion = 17.5.002.0
MinimumVisualStudioVersion = 10.0.40219.1
Project("{9A19103F-16F7-4668-BE54-9A1E7A4F7556}") = "CDN.API", "CDN.API\CDN.API.csproj", "{0C95C593-4185-42F8-BF2E-9B68750B1068}"
EndProject
Project("{9A19103F-16F7-4668-BE54-9A1E7A4F7556}") = "CDN.Application", "CDN.Application\CDN.Application.csproj", "{19253478-60BD-4CC5-AB7A-7C66DF096A35}"
EndProject
Project("{9A19103F-16F7-4668-BE54-9A1E7A4F7556}") = "CDN.Domain", "CDN.Domain\CDN.Domain.csproj", "{DF54664B-1ACB-495E-84F8-A444E4F102FB}"
EndProject
Project("{9A19103F-16F7-4668-BE54-9A1E7A4F7556}") = "CDN.Infrastructure", "CDN.Infrastructure\CDN.Infrastructure.csproj", "{D6D6D9A7-30E1-48E7-8B5D-70D1C705DD15}"
EndProject
Global
	GlobalSection(SolutionConfigurationPlatforms) = preSolution
		Debug|Any CPU = Debug|Any CPU
		Release|Any CPU = Release|Any CPU
	EndGlobalSection
	GlobalSection(ProjectConfigurationPlatforms) = postSolution
		{0C95C593-4185-42F8-BF2E-9B68750B1068}.Debug|Any CPU.ActiveCfg = Debug|Any CPU
		{0C95C593-4185-42F8-BF2E-9B68750B1068}.Debug|Any CPU.Build.0 = Debug|Any CPU
		{0C95C593-4185-42F8-BF2E-9B68750B1068}.Release|Any CPU.ActiveCfg = Release|Any CPU
		{0C95C593-4185-42F8-BF2E-9B68750B1068}.Release|Any CPU.Build.0 = Release|Any CPU
		{19253478-60BD-4CC5-AB7A-7C66DF096A35}.Debug|Any CPU.ActiveCfg = Debug|Any CPU
		{19253478-60BD-4CC5-AB7A-7C66DF096A35}.Debug|Any CPU.Build.0 = Debug|Any CPU
		{19253478-60BD-4CC5-AB7A-7C66DF096A35}.Release|Any CPU.ActiveCfg = Release|Any CPU
		{19253478-60BD-4CC5-AB7A-7C66DF096A35}.Release|Any CPU.Build.0 = Release|Any CPU
		{DF54664B-1ACB-495E-84F8-A444E4F102FB}.Debug|Any CPU.ActiveCfg = Debug|Any CPU
		{DF54664B-1ACB-495E-84F8-A444E4F102FB}.Debug|Any CPU.Build.0 = Debug|Any CPU
		{DF54664B-1ACB-495E-84F8-A444E4F102FB}.Release|Any CPU.ActiveCfg = Release|Any CPU
		{DF54664B-1ACB-495E-84F8-A444E4F102FB}.Release|Any CPU.Build.0 = Release|Any CPU
		{D6D6D9A7-30E1-48E7-8B5D-70D1C705DD15}.Debug|Any CPU.ActiveCfg = Debug|Any CPU
		{D6D6D9A7-30E1-48E7-8B5D-70D1C705DD15}.Debug|Any CPU.Build.0 = Debug|Any CPU
		{D6D6D9A7-30E1-48E7-8B5D-70D1C705DD15}.Release|Any CPU.ActiveCfg = Release|Any CPU
		{D6D6D9A7-30E1-48E7-8B5D-70D1C705DD15}.Release|Any CPU.Build.0 = Release|Any CPU
	EndGlobalSection
	GlobalSection(SolutionProperties) = preSolution
		HideSolutionNode = FALSE
	EndGlobalSection
	GlobalSection(ExtensibilityGlobals) = postSolution
		SolutionGuid = {BBEBA27D-43F9-4AAD-B511-FEB1C11709BA}
	EndGlobalSection
EndGlobal
